
Microsoft Visual Studio Solution File, Format Version 12.00
# Visual Studio 15
Project("{FAE04EC0-301F-11D3-BF4B-00C04F79EFBC}") = "MyParking.Droid", "MyParking.Droid\MyParking.Droid.csproj", "{2F96F46F-65F2-467C-965C-92FD2D092996}"
EndProject
Project("{FAE04EC0-301F-11D3-BF4B-00C04F79EFBC}") = "MyParking.Core", "MyParking.Core\MyParking.Core.csproj", "{9B597BC2-C810-44C6-80E6-EA53F6EFB69E}"
EndProject
Project("{FAE04EC0-301F-11D3-BF4B-00C04F79EFBC}") = "MyParking.Core.Test", "MyParking.Core.Test\MyParking.Core.Test.csproj", "{EFB53542-9AF8-45F7-ACF6-2813C8481E4C}"
EndProject
Global
	GlobalSection(SolutionConfigurationPlatforms) = preSolution
		Debug|Any CPU = Debug|Any CPU
		Release|Any CPU = Release|Any CPU
	EndGlobalSection
	GlobalSection(ProjectConfigurationPlatforms) = postSolution
		{2F96F46F-65F2-467C-965C-92FD2D092996}.Debug|Any CPU.ActiveCfg = Debug|Any CPU
		{2F96F46F-65F2-467C-965C-92FD2D092996}.Debug|Any CPU.Build.0 = Debug|Any CPU
		{2F96F46F-65F2-467C-965C-92FD2D092996}.Release|Any CPU.ActiveCfg = Release|Any CPU
		{2F96F46F-65F2-467C-965C-92FD2D092996}.Release|Any CPU.Build.0 = Release|Any CPU
		{9B597BC2-C810-44C6-80E6-EA53F6EFB69E}.Debug|Any CPU.ActiveCfg = Debug|Any CPU
		{9B597BC2-C810-44C6-80E6-EA53F6EFB69E}.Debug|Any CPU.Build.0 = Debug|Any CPU
		{9B597BC2-C810-44C6-80E6-EA53F6EFB69E}.Release|Any CPU.ActiveCfg = Release|Any CPU
		{9B597BC2-C810-44C6-80E6-EA53F6EFB69E}.Release|Any CPU.Build.0 = Release|Any CPU
		{EFB53542-9AF8-45F7-ACF6-2813C8481E4C}.Debug|Any CPU.ActiveCfg = Debug|Any CPU
		{EFB53542-9AF8-45F7-ACF6-2813C8481E4C}.Debug|Any CPU.Build.0 = Debug|Any CPU
		{EFB53542-9AF8-45F7-ACF6-2813C8481E4C}.Release|Any CPU.ActiveCfg = Release|Any CPU
		{EFB53542-9AF8-45F7-ACF6-2813C8481E4C}.Release|Any CPU.Build.0 = Release|Any CPU
	EndGlobalSection
EndGlobal
